
Microsoft Visual Studio Solution File, Format Version 12.00
# Visual Studio 15
VisualStudioVersion = 15.0.28307.1231
MinimumVisualStudioVersion = 10.0.40219.1
Project("{FAE04EC0-301F-11D3-BF4B-00C04F79EFBC}") = "OneSignal", "OneSignal\OneSignal.csproj", "{57327D7C-2196-4209-B2CF-6455533B03DE}"
	ProjectSection(ProjectDependencies) = postProject
		{D88CDF05-CC8E-4733-AE2F-49E23C00DCA5} = {D88CDF05-CC8E-4733-AE2F-49E23C00DCA5}
		{8847E220-6483-4AF1-80F6-878F22B4D8E6} = {8847E220-6483-4AF1-80F6-878F22B4D8E6}
		{D0237FE6-8ED1-4AD9-9034-4CD9D5A3BCE1} = {D0237FE6-8ED1-4AD9-9034-4CD9D5A3BCE1}
	EndProjectSection
EndProject
Project("{FAE04EC0-301F-11D3-BF4B-00C04F79EFBC}") = "SAL", "SAL\SAL.csproj", "{D88CDF05-CC8E-4733-AE2F-49E23C00DCA5}"
EndProject
Project("{FAE04EC0-301F-11D3-BF4B-00C04F79EFBC}") = "DAL", "DAL\DAL.csproj", "{D0237FE6-8ED1-4AD9-9034-4CD9D5A3BCE1}"
EndProject
Project("{FAE04EC0-301F-11D3-BF4B-00C04F79EFBC}") = "BAL", "BAL\BAL.csproj", "{8847E220-6483-4AF1-80F6-878F22B4D8E6}"
	ProjectSection(ProjectDependencies) = postProject
		{D0237FE6-8ED1-4AD9-9034-4CD9D5A3BCE1} = {D0237FE6-8ED1-4AD9-9034-4CD9D5A3BCE1}
	EndProjectSection
EndProject
Global
	GlobalSection(SolutionConfigurationPlatforms) = preSolution
		Debug|Any CPU = Debug|Any CPU
		Release|Any CPU = Release|Any CPU
	EndGlobalSection
	GlobalSection(ProjectConfigurationPlatforms) = postSolution
		{57327D7C-2196-4209-B2CF-6455533B03DE}.Debug|Any CPU.ActiveCfg = Debug|Any CPU
		{57327D7C-2196-4209-B2CF-6455533B03DE}.Debug|Any CPU.Build.0 = Debug|Any CPU
		{57327D7C-2196-4209-B2CF-6455533B03DE}.Release|Any CPU.ActiveCfg = Release|Any CPU
		{57327D7C-2196-4209-B2CF-6455533B03DE}.Release|Any CPU.Build.0 = Release|Any CPU
		{D88CDF05-CC8E-4733-AE2F-49E23C00DCA5}.Debug|Any CPU.ActiveCfg = Debug|Any CPU
		{D88CDF05-CC8E-4733-AE2F-49E23C00DCA5}.Debug|Any CPU.Build.0 = Debug|Any CPU
		{D88CDF05-CC8E-4733-AE2F-49E23C00DCA5}.Release|Any CPU.ActiveCfg = Release|Any CPU
		{D88CDF05-CC8E-4733-AE2F-49E23C00DCA5}.Release|Any CPU.Build.0 = Release|Any CPU
		{D0237FE6-8ED1-4AD9-9034-4CD9D5A3BCE1}.Debug|Any CPU.ActiveCfg = Debug|Any CPU
		{D0237FE6-8ED1-4AD9-9034-4CD9D5A3BCE1}.Debug|Any CPU.Build.0 = Debug|Any CPU
		{D0237FE6-8ED1-4AD9-9034-4CD9D5A3BCE1}.Release|Any CPU.ActiveCfg = Release|Any CPU
		{D0237FE6-8ED1-4AD9-9034-4CD9D5A3BCE1}.Release|Any CPU.Build.0 = Release|Any CPU
		{8847E220-6483-4AF1-80F6-878F22B4D8E6}.Debug|Any CPU.ActiveCfg = Debug|Any CPU
		{8847E220-6483-4AF1-80F6-878F22B4D8E6}.Debug|Any CPU.Build.0 = Debug|Any CPU
		{8847E220-6483-4AF1-80F6-878F22B4D8E6}.Release|Any CPU.ActiveCfg = Release|Any CPU
		{8847E220-6483-4AF1-80F6-878F22B4D8E6}.Release|Any CPU.Build.0 = Release|Any CPU
	EndGlobalSection
	GlobalSection(SolutionProperties) = preSolution
		HideSolutionNode = FALSE
	EndGlobalSection
	GlobalSection(ExtensibilityGlobals) = postSolution
		SolutionGuid = {60C204C3-FEF2-427B-AB0F-7DBB687FE9D3}
	EndGlobalSection
EndGlobal
